
Microsoft Visual Studio Solution File, Format Version 12.00
# Visual Studio Version 16
VisualStudioVersion = 16.0.30002.166
MinimumVisualStudioVersion = 10.0.40219.1
Project("{9A19103F-16F7-4668-BE54-9A1E7A4F7556}") = "AHBC October Week One", "AHBC October Week One\AHBC October Week One.csproj", "{BC55E45F-5362-4594-8E98-6D8715D7D54D}"
EndProject
Project("{9A19103F-16F7-4668-BE54-9A1E7A4F7556}") = "AHBC October Week Two", "AHBC October Week Two\AHBC October Week Two.csproj", "{EC9F56BC-FA09-447E-AF4D-D1F660F47548}"
EndProject
Project("{9A19103F-16F7-4668-BE54-9A1E7A4F7556}") = "AHBC October Week Three", "AHBC October Week Three\AHBC October Week Three.csproj", "{508BAE12-F699-4D92-87A1-DB5082730916}"
EndProject
Project("{9A19103F-16F7-4668-BE54-9A1E7A4F7556}") = "AhbcOctoberWeekFour", "WeekFour\AhbcOctoberWeekFour.csproj", "{957E56F4-D91C-4E91-8270-4E354CF3B94C}"
EndProject
Project("{9A19103F-16F7-4668-BE54-9A1E7A4F7556}") = "AhbcOctoberWeekFive", "AhbcOctoberWeekFive\AhbcOctoberWeekFive.csproj", "{3ED2893A-9A97-4866-8470-FA569AF6CF6E}"
EndProject
Project("{FAE04EC0-301F-11D3-BF4B-00C04F79EFBC}") = "CollectionManager", "CollectionManager\CollectionManager.csproj", "{9E2AA011-92BB-4F10-942A-2A517E8455F6}"
EndProject
Project("{FAE04EC0-301F-11D3-BF4B-00C04F79EFBC}") = "AhbcOctoberWeekSix", "AhbcOctoberWeekSix\AhbcOctoberWeekSix.csproj", "{CC210A2C-1DB5-4BFD-83B6-69806A961C07}"
EndProject
Project("{FAE04EC0-301F-11D3-BF4B-00C04F79EFBC}") = "AhbcOctoberWeekSix.Tests", "AhbcOctoberWeekSix.Tests\AhbcOctoberWeekSix.Tests.csproj", "{BBC0BF06-CC5F-449E-9E9B-6B84834DAA3B}"
EndProject
Project("{FAE04EC0-301F-11D3-BF4B-00C04F79EFBC}") = "MockAssessmentTwo", "MockAssessmentTwo\MockAssessmentTwo.csproj", "{6E8CDB7A-5FB0-40D6-A326-E1718FCE09A5}"
EndProject
Project("{FAE04EC0-301F-11D3-BF4B-00C04F79EFBC}") = "MockAssessmentTwo.Tests", "MockAssessmentTwo.Test\MockAssessmentTwo.Tests.csproj", "{7F1CDD93-72B7-47EB-AABF-2D7F5310B876}"
EndProject
Project("{FAE04EC0-301F-11D3-BF4B-00C04F79EFBC}") = "AhbcOctoberWeekSeven", "AhbcOctoberWeekSeven\AhbcOctoberWeekSeven.csproj", "{DA6B0997-61E7-4DE8-9950-4059156879C7}"
EndProject
Global
	GlobalSection(SolutionConfigurationPlatforms) = preSolution
		Debug|Any CPU = Debug|Any CPU
		Release|Any CPU = Release|Any CPU
	EndGlobalSection
	GlobalSection(ProjectConfigurationPlatforms) = postSolution
		{BC55E45F-5362-4594-8E98-6D8715D7D54D}.Debug|Any CPU.ActiveCfg = Debug|Any CPU
		{BC55E45F-5362-4594-8E98-6D8715D7D54D}.Debug|Any CPU.Build.0 = Debug|Any CPU
		{BC55E45F-5362-4594-8E98-6D8715D7D54D}.Release|Any CPU.ActiveCfg = Release|Any CPU
		{BC55E45F-5362-4594-8E98-6D8715D7D54D}.Release|Any CPU.Build.0 = Release|Any CPU
		{EC9F56BC-FA09-447E-AF4D-D1F660F47548}.Debug|Any CPU.ActiveCfg = Debug|Any CPU
		{EC9F56BC-FA09-447E-AF4D-D1F660F47548}.Debug|Any CPU.Build.0 = Debug|Any CPU
		{EC9F56BC-FA09-447E-AF4D-D1F660F47548}.Release|Any CPU.ActiveCfg = Release|Any CPU
		{EC9F56BC-FA09-447E-AF4D-D1F660F47548}.Release|Any CPU.Build.0 = Release|Any CPU
		{508BAE12-F699-4D92-87A1-DB5082730916}.Debug|Any CPU.ActiveCfg = Debug|Any CPU
		{508BAE12-F699-4D92-87A1-DB5082730916}.Debug|Any CPU.Build.0 = Debug|Any CPU
		{508BAE12-F699-4D92-87A1-DB5082730916}.Release|Any CPU.ActiveCfg = Release|Any CPU
		{508BAE12-F699-4D92-87A1-DB5082730916}.Release|Any CPU.Build.0 = Release|Any CPU
		{957E56F4-D91C-4E91-8270-4E354CF3B94C}.Debug|Any CPU.ActiveCfg = Debug|Any CPU
		{957E56F4-D91C-4E91-8270-4E354CF3B94C}.Debug|Any CPU.Build.0 = Debug|Any CPU
		{957E56F4-D91C-4E91-8270-4E354CF3B94C}.Release|Any CPU.ActiveCfg = Release|Any CPU
		{957E56F4-D91C-4E91-8270-4E354CF3B94C}.Release|Any CPU.Build.0 = Release|Any CPU
		{3ED2893A-9A97-4866-8470-FA569AF6CF6E}.Debug|Any CPU.ActiveCfg = Debug|Any CPU
		{3ED2893A-9A97-4866-8470-FA569AF6CF6E}.Debug|Any CPU.Build.0 = Debug|Any CPU
		{3ED2893A-9A97-4866-8470-FA569AF6CF6E}.Release|Any CPU.ActiveCfg = Release|Any CPU
		{3ED2893A-9A97-4866-8470-FA569AF6CF6E}.Release|Any CPU.Build.0 = Release|Any CPU
		{9E2AA011-92BB-4F10-942A-2A517E8455F6}.Debug|Any CPU.ActiveCfg = Debug|Any CPU
		{9E2AA011-92BB-4F10-942A-2A517E8455F6}.Debug|Any CPU.Build.0 = Debug|Any CPU
		{9E2AA011-92BB-4F10-942A-2A517E8455F6}.Release|Any CPU.ActiveCfg = Release|Any CPU
		{9E2AA011-92BB-4F10-942A-2A517E8455F6}.Release|Any CPU.Build.0 = Release|Any CPU
		{CC210A2C-1DB5-4BFD-83B6-69806A961C07}.Debug|Any CPU.ActiveCfg = Debug|Any CPU
		{CC210A2C-1DB5-4BFD-83B6-69806A961C07}.Debug|Any CPU.Build.0 = Debug|Any CPU
		{CC210A2C-1DB5-4BFD-83B6-69806A961C07}.Release|Any CPU.ActiveCfg = Release|Any CPU
		{CC210A2C-1DB5-4BFD-83B6-69806A961C07}.Release|Any CPU.Build.0 = Release|Any CPU
		{BBC0BF06-CC5F-449E-9E9B-6B84834DAA3B}.Debug|Any CPU.ActiveCfg = Debug|Any CPU
		{BBC0BF06-CC5F-449E-9E9B-6B84834DAA3B}.Debug|Any CPU.Build.0 = Debug|Any CPU
		{BBC0BF06-CC5F-449E-9E9B-6B84834DAA3B}.Release|Any CPU.ActiveCfg = Release|Any CPU
		{BBC0BF06-CC5F-449E-9E9B-6B84834DAA3B}.Release|Any CPU.Build.0 = Release|Any CPU
		{6E8CDB7A-5FB0-40D6-A326-E1718FCE09A5}.Debug|Any CPU.ActiveCfg = Debug|Any CPU
		{6E8CDB7A-5FB0-40D6-A326-E1718FCE09A5}.Debug|Any CPU.Build.0 = Debug|Any CPU
		{6E8CDB7A-5FB0-40D6-A326-E1718FCE09A5}.Release|Any CPU.ActiveCfg = Release|Any CPU
		{6E8CDB7A-5FB0-40D6-A326-E1718FCE09A5}.Release|Any CPU.Build.0 = Release|Any CPU
		{7F1CDD93-72B7-47EB-AABF-2D7F5310B876}.Debug|Any CPU.ActiveCfg = Debug|Any CPU
		{7F1CDD93-72B7-47EB-AABF-2D7F5310B876}.Debug|Any CPU.Build.0 = Debug|Any CPU
		{7F1CDD93-72B7-47EB-AABF-2D7F5310B876}.Release|Any CPU.ActiveCfg = Release|Any CPU
		{7F1CDD93-72B7-47EB-AABF-2D7F5310B876}.Release|Any CPU.Build.0 = Release|Any CPU
		{DA6B0997-61E7-4DE8-9950-4059156879C7}.Debug|Any CPU.ActiveCfg = Debug|Any CPU
		{DA6B0997-61E7-4DE8-9950-4059156879C7}.Debug|Any CPU.Build.0 = Debug|Any CPU
		{DA6B0997-61E7-4DE8-9950-4059156879C7}.Release|Any CPU.ActiveCfg = Release|Any CPU
		{DA6B0997-61E7-4DE8-9950-4059156879C7}.Release|Any CPU.Build.0 = Release|Any CPU
	EndGlobalSection
	GlobalSection(SolutionProperties) = preSolution
		HideSolutionNode = FALSE
	EndGlobalSection
	GlobalSection(ExtensibilityGlobals) = postSolution
		SolutionGuid = {DDB8CA0A-C3B7-44C0-A9E2-93465D0E8527}
	EndGlobalSection
EndGlobal
